
Microsoft Visual Studio Solution File, Format Version 12.00
# Visual Studio Version 17
VisualStudioVersion = 17.8.34316.72
MinimumVisualStudioVersion = 10.0.40219.1
Project("{FAE04EC0-301F-11D3-BF4B-00C04F79EFBC}") = "ArrayFuncties-1---Namenlijst", "ArrayFuncties-1---Namenlijst\ArrayFuncties-1---Namenlijst.csproj", "{4F725101-C1BD-4CDE-A0D3-705E613F739E}"
EndProject
Global
	GlobalSection(SolutionConfigurationPlatforms) = preSolution
		Debug|Any CPU = Debug|Any CPU
		Release|Any CPU = Release|Any CPU
	EndGlobalSection
	GlobalSection(ProjectConfigurationPlatforms) = postSolution
		{4F725101-C1BD-4CDE-A0D3-705E613F739E}.Debug|Any CPU.ActiveCfg = Debug|Any CPU
		{4F725101-C1BD-4CDE-A0D3-705E613F739E}.Debug|Any CPU.Build.0 = Debug|Any CPU
		{4F725101-C1BD-4CDE-A0D3-705E613F739E}.Release|Any CPU.ActiveCfg = Release|Any CPU
		{4F725101-C1BD-4CDE-A0D3-705E613F739E}.Release|Any CPU.Build.0 = Release|Any CPU
	EndGlobalSection
	GlobalSection(SolutionProperties) = preSolution
		HideSolutionNode = FALSE
	EndGlobalSection
	GlobalSection(ExtensibilityGlobals) = postSolution
		SolutionGuid = {86854CF7-0510-4B10-B497-6136F6F75564}
	EndGlobalSection
EndGlobal
